
Microsoft Visual Studio Solution File, Format Version 12.00
# Visual Studio Version 17
VisualStudioVersion = 17.8.34408.163
MinimumVisualStudioVersion = 10.0.40219.1
Project("{FAE04EC0-301F-11D3-BF4B-00C04F79EFBC}") = "AuthorizationWithPermission", "AuthorizationWithPermission\AuthorizationWithPermission.csproj", "{E71CE6E4-C226-4CDA-8F52-06D7735C4707}"
EndProject
Project("{FAE04EC0-301F-11D3-BF4B-00C04F79EFBC}") = "AuthorizationWithPermission.API", "AuthorizationWithPermission.API\AuthorizationWithPermission.API.csproj", "{8B2E3E06-92DA-45F1-AE7B-D9BB2E26EC07}"
EndProject
Global
	GlobalSection(SolutionConfigurationPlatforms) = preSolution
		Debug|Any CPU = Debug|Any CPU
		Release|Any CPU = Release|Any CPU
	EndGlobalSection
	GlobalSection(ProjectConfigurationPlatforms) = postSolution
		{E71CE6E4-C226-4CDA-8F52-06D7735C4707}.Debug|Any CPU.ActiveCfg = Debug|Any CPU
		{E71CE6E4-C226-4CDA-8F52-06D7735C4707}.Debug|Any CPU.Build.0 = Debug|Any CPU
		{E71CE6E4-C226-4CDA-8F52-06D7735C4707}.Release|Any CPU.ActiveCfg = Release|Any CPU
		{E71CE6E4-C226-4CDA-8F52-06D7735C4707}.Release|Any CPU.Build.0 = Release|Any CPU
		{8B2E3E06-92DA-45F1-AE7B-D9BB2E26EC07}.Debug|Any CPU.ActiveCfg = Debug|Any CPU
		{8B2E3E06-92DA-45F1-AE7B-D9BB2E26EC07}.Debug|Any CPU.Build.0 = Debug|Any CPU
		{8B2E3E06-92DA-45F1-AE7B-D9BB2E26EC07}.Release|Any CPU.ActiveCfg = Release|Any CPU
		{8B2E3E06-92DA-45F1-AE7B-D9BB2E26EC07}.Release|Any CPU.Build.0 = Release|Any CPU
	EndGlobalSection
	GlobalSection(SolutionProperties) = preSolution
		HideSolutionNode = FALSE
	EndGlobalSection
	GlobalSection(ExtensibilityGlobals) = postSolution
		SolutionGuid = {6EBE42E9-9123-4917-AEF1-A87816747BFF}
	EndGlobalSection
EndGlobal
